
Microsoft Visual Studio Solution File, Format Version 12.00
# Visual Studio Version 16
VisualStudioVersion = 16.0.31605.320
MinimumVisualStudioVersion = 10.0.40219.1
Project("{9A19103F-16F7-4668-BE54-9A1E7A4F7556}") = "Credor.Client.Entities", "Client.Entities\Credor.Client.Entities.csproj", "{33E4FAC3-3576-420F-B320-2CFCA32DF4B5}"
EndProject
Project("{9A19103F-16F7-4668-BE54-9A1E7A4F7556}") = "Credor.Data.Entities", "Credor.Data\Credor.Data.Entities.csproj", "{573DE1B6-F140-408C-A155-64055FB87B51}"
EndProject
Project("{9A19103F-16F7-4668-BE54-9A1E7A4F7556}") = "Credor.Web.API", "Credor.Web.API\Credor.Web.API.csproj", "{DFAD0869-0327-4537-8615-37F3D1F5CC54}"
EndProject
Global
	GlobalSection(SolutionConfigurationPlatforms) = preSolution
		Debug|Any CPU = Debug|Any CPU
		Release|Any CPU = Release|Any CPU
	EndGlobalSection
	GlobalSection(ProjectConfigurationPlatforms) = postSolution
		{33E4FAC3-3576-420F-B320-2CFCA32DF4B5}.Debug|Any CPU.ActiveCfg = Debug|Any CPU
		{33E4FAC3-3576-420F-B320-2CFCA32DF4B5}.Debug|Any CPU.Build.0 = Debug|Any CPU
		{33E4FAC3-3576-420F-B320-2CFCA32DF4B5}.Release|Any CPU.ActiveCfg = Release|Any CPU
		{33E4FAC3-3576-420F-B320-2CFCA32DF4B5}.Release|Any CPU.Build.0 = Release|Any CPU
		{573DE1B6-F140-408C-A155-64055FB87B51}.Debug|Any CPU.ActiveCfg = Debug|Any CPU
		{573DE1B6-F140-408C-A155-64055FB87B51}.Debug|Any CPU.Build.0 = Debug|Any CPU
		{573DE1B6-F140-408C-A155-64055FB87B51}.Release|Any CPU.ActiveCfg = Release|Any CPU
		{573DE1B6-F140-408C-A155-64055FB87B51}.Release|Any CPU.Build.0 = Release|Any CPU
		{DFAD0869-0327-4537-8615-37F3D1F5CC54}.Debug|Any CPU.ActiveCfg = Debug|Any CPU
		{DFAD0869-0327-4537-8615-37F3D1F5CC54}.Debug|Any CPU.Build.0 = Debug|Any CPU
		{DFAD0869-0327-4537-8615-37F3D1F5CC54}.Release|Any CPU.ActiveCfg = Release|Any CPU
		{DFAD0869-0327-4537-8615-37F3D1F5CC54}.Release|Any CPU.Build.0 = Release|Any CPU
	EndGlobalSection
	GlobalSection(SolutionProperties) = preSolution
		HideSolutionNode = FALSE
	EndGlobalSection
	GlobalSection(ExtensibilityGlobals) = postSolution
		SolutionGuid = {7280E30C-DEF1-4F75-8925-1B2175243FD5}
	EndGlobalSection
EndGlobal
